
Microsoft Visual Studio Solution File, Format Version 12.00
# Visual Studio 15
VisualStudioVersion = 15.0.26403.7
MinimumVisualStudioVersion = 10.0.40219.1
Project("{FAE04EC0-301F-11D3-BF4B-00C04F79EFBC}") = "Merlin", "Merlin\Merlin.csproj", "{DF9941B0-4554-4038-8D80-9FA1E55FBD6C}"
EndProject
Global
	GlobalSection(SolutionConfigurationPlatforms) = preSolution
		Debug|Any CPU = Debug|Any CPU
		Release|Any CPU = Release|Any CPU
	EndGlobalSection
	GlobalSection(ProjectConfigurationPlatforms) = postSolution
		{DF9941B0-4554-4038-8D80-9FA1E55FBD6C}.Debug|Any CPU.ActiveCfg = Debug|Any CPU
		{DF9941B0-4554-4038-8D80-9FA1E55FBD6C}.Debug|Any CPU.Build.0 = Debug|Any CPU
		{DF9941B0-4554-4038-8D80-9FA1E55FBD6C}.Release|Any CPU.ActiveCfg = Release|Any CPU
		{DF9941B0-4554-4038-8D80-9FA1E55FBD6C}.Release|Any CPU.Build.0 = Release|Any CPU
	EndGlobalSection
	GlobalSection(SolutionProperties) = preSolution
		HideSolutionNode = FALSE
	EndGlobalSection
EndGlobal
